
Microsoft Visual Studio Solution File, Format Version 12.00
# Visual Studio Version 17
VisualStudioVersion = 17.5.002.0
MinimumVisualStudioVersion = 10.0.40219.1
Project("{9A19103F-16F7-4668-BE54-9A1E7A4F7556}") = "OOP-Inheritance", "OOP-Inheritance.csproj", "{8A31A815-5305-45A0-8085-F9E4D7B72D0A}"
EndProject
Global
	GlobalSection(SolutionConfigurationPlatforms) = preSolution
		Debug|Any CPU = Debug|Any CPU
		Release|Any CPU = Release|Any CPU
	EndGlobalSection
	GlobalSection(ProjectConfigurationPlatforms) = postSolution
		{8A31A815-5305-45A0-8085-F9E4D7B72D0A}.Debug|Any CPU.ActiveCfg = Debug|Any CPU
		{8A31A815-5305-45A0-8085-F9E4D7B72D0A}.Debug|Any CPU.Build.0 = Debug|Any CPU
		{8A31A815-5305-45A0-8085-F9E4D7B72D0A}.Release|Any CPU.ActiveCfg = Release|Any CPU
		{8A31A815-5305-45A0-8085-F9E4D7B72D0A}.Release|Any CPU.Build.0 = Release|Any CPU
	EndGlobalSection
	GlobalSection(SolutionProperties) = preSolution
		HideSolutionNode = FALSE
	EndGlobalSection
	GlobalSection(ExtensibilityGlobals) = postSolution
		SolutionGuid = {2EC85CAB-19AC-40C9-87E5-3BD320FDC6BC}
	EndGlobalSection
EndGlobal
