
Microsoft Visual Studio Solution File, Format Version 12.00
# Visual Studio Version 17
VisualStudioVersion = 17.10.35201.131
MinimumVisualStudioVersion = 10.0.40219.1
Project("{9A19103F-16F7-4668-BE54-9A1E7A4F7556}") = "CloudHRMS", "CloudHRMS\CloudHRMS.csproj", "{763BC712-6D99-448C-917B-D5EBCD732189}"
EndProject
Global
	GlobalSection(SolutionConfigurationPlatforms) = preSolution
		Debug|Any CPU = Debug|Any CPU
		Release|Any CPU = Release|Any CPU
	EndGlobalSection
	GlobalSection(ProjectConfigurationPlatforms) = postSolution
		{763BC712-6D99-448C-917B-D5EBCD732189}.Debug|Any CPU.ActiveCfg = Debug|Any CPU
		{763BC712-6D99-448C-917B-D5EBCD732189}.Debug|Any CPU.Build.0 = Debug|Any CPU
		{763BC712-6D99-448C-917B-D5EBCD732189}.Release|Any CPU.ActiveCfg = Release|Any CPU
		{763BC712-6D99-448C-917B-D5EBCD732189}.Release|Any CPU.Build.0 = Release|Any CPU
	EndGlobalSection
	GlobalSection(SolutionProperties) = preSolution
		HideSolutionNode = FALSE
	EndGlobalSection
	GlobalSection(ExtensibilityGlobals) = postSolution
		SolutionGuid = {CADD6C41-5984-460F-9D59-C68B51E69ED8}
	EndGlobalSection
EndGlobal
